{
  "name": "ankh-cms",
  "version": "1.0.0",
  "lockfileVersion": 3,
  "requires": true,
  "packages": {
    "": {
      "name": "ankh-cms",
      "version": "1.0.0",
      "license": "ISC",
      "dependencies": {
        "ankh-css": "^1.1.0"
      }
    },
    "node_modules/ankh-css": {
      "version": "1.1.0",
      "resolved": "https://registry.npmjs.org/ankh-css/-/ankh-css-1.1.0.tgz",
      "integrity": "sha512-OthQG+z/aVloKoYqTIUFJcd4FF7wBe2NyrMtshWO9+uFdBLzNT2W+BTzSl+ASf9teMBUntMQvHOW896B3e9+iQ=="
    }
  }
}
